
Microsoft Visual Studio Solution File, Format Version 12.00
# Visual Studio Version 16
VisualStudioVersion = 16.0.30114.105
MinimumVisualStudioVersion = 10.0.40219.1
Project("{9A19103F-16F7-4668-BE54-9A1E7A4F7556}") = "MongoDB", "MongoDB\MongoDB.csproj", "{5CA4208C-B037-4EB3-BFA9-BE61D6DE8C98}"
EndProject
Project("{FAE04EC0-301F-11D3-BF4B-00C04F79EFBC}") = "ConsoleApp1", "ConsoleApp1\ConsoleApp1.csproj", "{3F1E00C5-4A06-496C-88CA-14F754FFDC7A}"
EndProject
Project("{FAE04EC0-301F-11D3-BF4B-00C04F79EFBC}") = "ConsoleApp2", "ConsoleApp2\ConsoleApp2.csproj", "{0795D544-EA2C-437D-89C1-EAD345DE51B8}"
EndProject
Global
	GlobalSection(SolutionConfigurationPlatforms) = preSolution
		Debug|Any CPU = Debug|Any CPU
		Release|Any CPU = Release|Any CPU
	EndGlobalSection
	GlobalSection(ProjectConfigurationPlatforms) = postSolution
		{5CA4208C-B037-4EB3-BFA9-BE61D6DE8C98}.Debug|Any CPU.ActiveCfg = Debug|Any CPU
		{5CA4208C-B037-4EB3-BFA9-BE61D6DE8C98}.Debug|Any CPU.Build.0 = Debug|Any CPU
		{5CA4208C-B037-4EB3-BFA9-BE61D6DE8C98}.Release|Any CPU.ActiveCfg = Release|Any CPU
		{5CA4208C-B037-4EB3-BFA9-BE61D6DE8C98}.Release|Any CPU.Build.0 = Release|Any CPU
		{3F1E00C5-4A06-496C-88CA-14F754FFDC7A}.Debug|Any CPU.ActiveCfg = Debug|Any CPU
		{3F1E00C5-4A06-496C-88CA-14F754FFDC7A}.Debug|Any CPU.Build.0 = Debug|Any CPU
		{3F1E00C5-4A06-496C-88CA-14F754FFDC7A}.Release|Any CPU.ActiveCfg = Release|Any CPU
		{3F1E00C5-4A06-496C-88CA-14F754FFDC7A}.Release|Any CPU.Build.0 = Release|Any CPU
		{0795D544-EA2C-437D-89C1-EAD345DE51B8}.Debug|Any CPU.ActiveCfg = Debug|Any CPU
		{0795D544-EA2C-437D-89C1-EAD345DE51B8}.Debug|Any CPU.Build.0 = Debug|Any CPU
		{0795D544-EA2C-437D-89C1-EAD345DE51B8}.Release|Any CPU.ActiveCfg = Release|Any CPU
		{0795D544-EA2C-437D-89C1-EAD345DE51B8}.Release|Any CPU.Build.0 = Release|Any CPU
	EndGlobalSection
	GlobalSection(SolutionProperties) = preSolution
		HideSolutionNode = FALSE
	EndGlobalSection
	GlobalSection(ExtensibilityGlobals) = postSolution
		SolutionGuid = {FEC09D2E-31A0-4974-AE18-713813D00F6B}
	EndGlobalSection
EndGlobal
